// !$*UTF8*$!
{
	archiveVersion = 1;
	classes = {
	};
	objectVersion = 55;
	objects = {

/* Begin PBXBuildFile section */
		C729EF272719AB870066B113 /* AppDelegate.swift in Sources */ = {isa = PBXBuildFile; fileRef = C729EF262719AB870066B113 /* AppDelegate.swift */; };
		C729EF292719AB870066B113 /* SceneDelegate.swift in Sources */ = {isa = PBXBuildFile; fileRef = C729EF282719AB870066B113 /* SceneDelegate.swift */; };
		C729EF2B2719AB870066B113 /* ViewController.swift in Sources */ = {isa = PBXBuildFile; fileRef = C729EF2A2719AB870066B113 /* ViewController.swift */; };
		C729EF2E2719AB870066B113 /* Main.storyboard in Resources */ = {isa = PBXBuildFile; fileRef = C729EF2C2719AB870066B113 /* Main.storyboard */; };
		C729EF302719AB880066B113 /* Assets.xcassets in Resources */ = {isa = PBXBuildFile; fileRef = C729EF2F2719AB880066B113 /* Assets.xcassets */; };
		C729EF332719AB880066B113 /* LaunchScreen.storyboard in Resources */ = {isa = PBXBuildFile; fileRef = C729EF312719AB880066B113 /* LaunchScreen.storyboard */; };
		C729EF3E2719AB880066B113 /* Lab3_moduleATests.swift in Sources */ = {isa = PBXBuildFile; fileRef = C729EF3D2719AB880066B113 /* Lab3_moduleATests.swift */; };
		C729EF482719AB880066B113 /* Lab3_moduleAUITests.swift in Sources */ = {isa = PBXBuildFile; fileRef = C729EF472719AB880066B113 /* Lab3_moduleAUITests.swift */; };
		C729EF4A2719AB880066B113 /* Lab3_moduleAUITestsLaunchTests.swift in Sources */ = {isa = PBXBuildFile; fileRef = C729EF492719AB880066B113 /* Lab3_moduleAUITestsLaunchTests.swift */; };
		C7870983271B2EAF00A22629 /* ModuleAViewController.swift in Sources */ = {isa = PBXBuildFile; fileRef = C7870982271B2EAF00A22629 /* ModuleAViewController.swift */; };
/* End PBXBuildFile section */

/* Begin PBXContainerItemProxy section */
		C729EF3A2719AB880066B113 /* PBXContainerItemProxy */ = {
			isa = PBXContainerItemProxy;
			containerPortal = C729EF1B2719AB870066B113 /* Project object */;
			proxyType = 1;
			remoteGlobalIDString = C729EF222719AB870066B113;
			remoteInfo = Lab3_moduleA;
		};
		C729EF442719AB880066B113 /* PBXContainerItemProxy */ = {
			isa = PBXContainerItemProxy;
			containerPortal = C729EF1B2719AB870066B113 /* Project object */;
			proxyType = 1;
			remoteGlobalIDString = C729EF222719AB870066B113;
			remoteInfo = Lab3_moduleA;
		};
/* End PBXContainerItemProxy section */

/* Begin PBXFileReference section */
		C729EF232719AB870066B113 /* Lab3_moduleA.app */ = {isa = PBXFileReference; explicitFileType = wrapper.application; includeInIndex = 0; path = Lab3_moduleA.app; sourceTree = BUILT_PRODUCTS_DIR; };
		C729EF262719AB870066B113 /* AppDelegate.swift */ = {isa = PBXFileReference; lastKnownFileType = sourcecode.swift; path = AppDelegate.swift; sourceTree = "<group>"; };
		C729EF282719AB870066B113 /* SceneDelegate.swift */ = {isa = PBXFileReference; lastKnownFileType = sourcecode.swift; path = SceneDelegate.swift; sourceTree = "<group>"; };
		C729EF2A2719AB870066B113 /* ViewController.swift */ = {isa = PBXFileReference; lastKnownFileType = sourcecode.swift; path = ViewController.swift; sourceTree = "<group>"; };
		C729EF2D2719AB870066B113 /* Base */ = {isa = PBXFileReference; lastKnownFileType = file.storyboard; name = Base; path = Base.lproj/Main.storyboard; sourceTree = "<group>"; };
		C729EF2F2719AB880066B113 /* Assets.xcassets */ = {isa = PBXFileReference; lastKnownFileType = folder.assetcatalog; path = Assets.xcassets; sourceTree = "<group>"; };
		C729EF322719AB880066B113 /* Base */ = {isa = PBXFileReference; lastKnownFileType = file.storyboard; name = Base; path = Base.lproj/LaunchScreen.storyboard; sourceTree = "<group>"; };
		C729EF342719AB880066B113 /* Info.plist */ = {isa = PBXFileReference; lastKnownFileType = text.plist.xml; path = Info.plist; sourceTree = "<group>"; };
		C729EF392719AB880066B113 /* Lab3_moduleATests.xctest */ = {isa = PBXFileReference; explicitFileType = wrapper.cfbundle; includeInIndex = 0; path = Lab3_moduleATests.xctest; sourceTree = BUILT_PRODUCTS_DIR; };
		C729EF3D2719AB880066B113 /* Lab3_moduleATests.swift */ = {isa = PBXFileReference; lastKnownFileType = sourcecode.swift; path = Lab3_moduleATests.swift; sourceTree = "<group>"; };
		C729EF432719AB880066B113 /* Lab3_moduleAUITests.xctest */ = {isa = PBXFileReference; explicitFileType = wrapper.cfbundle; includeInIndex = 0; path = Lab3_moduleAUITests.xctest; sourceTree = BUILT_PRODUCTS_DIR; };
		C729EF472719AB880066B113 /* Lab3_moduleAUITests.swift */ = {isa = PBXFileReference; lastKnownFileType = sourcecode.swift; path = Lab3_moduleAUITests.swift; sourceTree = "<group>"; };
		C729EF492719AB880066B113 /* Lab3_moduleAUITestsLaunchTests.swift */ = {isa = PBXFileReference; lastKnownFileType = sourcecode.swift; path = Lab3_moduleAUITestsLaunchTests.swift; sourceTree = "<group>"; };
		C7870982271B2EAF00A22629 /* ModuleAViewController.swift */ = {isa = PBXFileReference; lastKnownFileType = sourcecode.swift; path = ModuleAViewController.swift; sourceTree = "<group>"; };
/* End PBXFileReference section */

/* Begin PBXFrameworksBuildPhase section */
		C729EF202719AB870066B113 /* Frameworks */ = {
			isa = PBXFrameworksBuildPhase;
			buildActionMask = 2147483647;
			files = (
			);
			runOnlyForDeploymentPostprocessing = 0;
		};
		C729EF362719AB880066B113 /* Frameworks */ = {
			isa = PBXFrameworksBuildPhase;
			buildActionMask = 2147483647;
			files = (
			);
			runOnlyForDeploymentPostprocessing = 0;
		};
		C729EF402719AB880066B113 /* Frameworks */ = {
			isa = PBXFrameworksBuildPhase;
			buildActionMask = 2147483647;
			files = (
			);
			runOnlyForDeploymentPostprocessing = 0;
		};
/* End PBXFrameworksBuildPhase section */

/* Begin PBXGroup section */
		C729EF1A2719AB870066B113 = {
			isa = PBXGroup;
			children = (
				C729EF252719AB870066B113 /* Lab3_moduleA */,
				C729EF3C2719AB880066B113 /* Lab3_moduleATests */,
				C729EF462719AB880066B113 /* Lab3_moduleAUITests */,
				C729EF242719AB870066B113 /* Products */,
			);
			sourceTree = "<group>";
		};
		C729EF242719AB870066B113 /* Products */ = {
			isa = PBXGroup;
			children = (
				C729EF232719AB870066B113 /* Lab3_moduleA.app */,
				C729EF392719AB880066B113 /* Lab3_moduleATests.xctest */,
				C729EF432719AB880066B113 /* Lab3_moduleAUITests.xctest */,
			);
			name = Products;
			sourceTree = "<group>";
		};
		C729EF252719AB870066B113 /* Lab3_moduleA */ = {
			isa = PBXGroup;
			children = (
				C729EF262719AB870066B113 /* AppDelegate.swift */,
				C729EF282719AB870066B113 /* SceneDelegate.swift */,
				C729EF2A2719AB870066B113 /* ViewController.swift */,
				C729EF2C2719AB870066B113 /* Main.storyboard */,
				C729EF2F2719AB880066B113 /* Assets.xcassets */,
				C729EF312719AB880066B113 /* LaunchScreen.storyboard */,
				C729EF342719AB880066B113 /* Info.plist */,
				C7870982271B2EAF00A22629 /* ModuleAViewController.swift */,
			);
			path = Lab3_moduleA;
			sourceTree = "<group>";
		};
		C729EF3C2719AB880066B113 /* Lab3_moduleATests */ = {
			isa = PBXGroup;
			children = (
				C729EF3D2719AB880066B113 /* Lab3_moduleATests.swift */,
			);
			path = Lab3_moduleATests;
			sourceTree = "<group>";
		};
		C729EF462719AB880066B113 /* Lab3_moduleAUITests */ = {
			isa = PBXGroup;
			children = (
				C729EF472719AB880066B113 /* Lab3_moduleAUITests.swift */,
				C729EF492719AB880066B113 /* Lab3_moduleAUITestsLaunchTests.swift */,
			);
			path = Lab3_moduleAUITests;
			sourceTree = "<group>";
		};
/* End PBXGroup section */

/* Begin PBXNativeTarget section */
		C729EF222719AB870066B113 /* Lab3_moduleA */ = {
			isa = PBXNativeTarget;
			buildConfigurationList = C729EF4D2719AB880066B113 /* Build configuration list for PBXNativeTarget "Lab3_moduleA" */;
			buildPhases = (
				C729EF1F2719AB870066B113 /* Sources */,
				C729EF202719AB870066B113 /* Frameworks */,
				C729EF212719AB870066B113 /* Resources */,
			);
			buildRules = (
			);
			dependencies = (
			);
			name = Lab3_moduleA;
			productName = Lab3_moduleA;
			productReference = C729EF232719AB870066B113 /* Lab3_moduleA.app */;
			productType = "com.apple.product-type.application";
		};
		C729EF382719AB880066B113 /* Lab3_moduleATests */ = {
			isa = PBXNativeTarget;
			buildConfigurationList = C729EF502719AB880066B113 /* Build configuration list for PBXNativeTarget "Lab3_moduleATests" */;
			buildPhases = (
				C729EF352719AB880066B113 /* Sources */,
				C729EF362719AB880066B113 /* Frameworks */,
				C729EF372719AB880066B113 /* Resources */,
			);
			buildRules = (
			);
			dependencies = (
				C729EF3B2719AB880066B113 /* PBXTargetDependency */,
			);
			name = Lab3_moduleATests;
			productName = Lab3_moduleATests;
			productReference = C729EF392719AB880066B113 /* Lab3_moduleATests.xctest */;
			productType = "com.apple.product-type.bundle.unit-test";
		};
		C729EF422719AB880066B113 /* Lab3_moduleAUITests */ = {
			isa = PBXNativeTarget;
			buildConfigurationList = C729EF532719AB880066B113 /* Build configuration list for PBXNativeTarget "Lab3_moduleAUITests" */;
			buildPhases = (
				C729EF3F2719AB880066B113 /* Sources */,
				C729EF402719AB880066B113 /* Frameworks */,
				C729EF412719AB880066B113 /* Resources */,
			);
			buildRules = (
			);
			dependencies = (
				C729EF452719AB880066B113 /* PBXTargetDependency */,
			);
			name = Lab3_moduleAUITests;
			productName = Lab3_moduleAUITests;
			productReference = C729EF432719AB880066B113 /* Lab3_moduleAUITests.xctest */;
			productType = "com.apple.product-type.bundle.ui-testing";
		};
/* End PBXNativeTarget section */

/* Begin PBXProject section */
		C729EF1B2719AB870066B113 /* Project object */ = {
			isa = PBXProject;
			attributes = {
				BuildIndependentTargetsInParallel = 1;
				LastSwiftUpdateCheck = 1300;
				LastUpgradeCheck = 1300;
				TargetAttributes = {
					C729EF222719AB870066B113 = {
						CreatedOnToolsVersion = 13.0;
					};
					C729EF382719AB880066B113 = {
						CreatedOnToolsVersion = 13.0;
						TestTargetID = C729EF222719AB870066B113;
					};
					C729EF422719AB880066B113 = {
						CreatedOnToolsVersion = 13.0;
						TestTargetID = C729EF222719AB870066B113;
					};
				};
			};
			buildConfigurationList = C729EF1E2719AB870066B113 /* Build configuration list for PBXProject "Lab3_moduleA" */;
			compatibilityVersion = "Xcode 13.0";
			developmentRegion = en;
			hasScannedForEncodings = 0;
			knownRegions = (
				en,
				Base,
			);
			mainGroup = C729EF1A2719AB870066B113;
			productRefGroup = C729EF242719AB870066B113 /* Products */;
			projectDirPath = "";
			projectRoot = "";
			targets = (
				C729EF222719AB870066B113 /* Lab3_moduleA */,
				C729EF382719AB880066B113 /* Lab3_moduleATests */,
				C729EF422719AB880066B113 /* Lab3_moduleAUITests */,
			);
		};
/* End PBXProject section */

/* Begin PBXResourcesBuildPhase section */
		C729EF212719AB870066B113 /* Resources */ = {
			isa = PBXResourcesBuildPhase;
			buildActionMask = 2147483647;
			files = (
				C729EF332719AB880066B113 /* LaunchScreen.storyboard in Resources */,
				C729EF302719AB880066B113 /* Assets.xcassets in Resources */,
				C729EF2E2719AB870066B113 /* Main.storyboard in Resources */,
			);
			runOnlyForDeploymentPostprocessing = 0;
		};
		C729EF372719AB880066B113 /* Resources */ = {
			isa = PBXResourcesBuildPhase;
			buildActionMask = 2147483647;
			files = (
			);
			runOnlyForDeploymentPostprocessing = 0;
		};
		C729EF412719AB880066B113 /* Resources */ = {
			isa = PBXResourcesBuildPhase;
			buildActionMask = 2147483647;
			files = (
			);
			runOnlyForDeploymentPostprocessing = 0;
		};
/* End PBXResourcesBuildPhase section */

/* Begin PBXSourcesBuildPhase section */
		C729EF1F2719AB870066B113 /* Sources */ = {
			isa = PBXSourcesBuildPhase;
			buildActionMask = 2147483647;
			files = (
				C7870983271B2EAF00A22629 /* ModuleAViewController.swift in Sources */,
				C729EF2B2719AB870066B113 /* ViewController.swift in Sources */,
				C729EF272719AB870066B113 /* AppDelegate.swift in Sources */,
				C729EF292719AB870066B113 /* SceneDelegate.swift in Sources */,
			);
			runOnlyForDeploymentPostprocessing = 0;
		};
		C729EF352719AB880066B113 /* Sources */ = {
			isa = PBXSourcesBuildPhase;
			buildActionMask = 2147483647;
			files = (
				C729EF3E2719AB880066B113 /* Lab3_moduleATests.swift in Sources */,
			);
			runOnlyForDeploymentPostprocessing = 0;
		};
		C729EF3F2719AB880066B113 /* Sources */ = {
			isa = PBXSourcesBuildPhase;
			buildActionMask = 2147483647;
			files = (
				C729EF4A2719AB880066B113 /* Lab3_moduleAUITestsLaunchTests.swift in Sources */,
				C729EF482719AB880066B113 /* Lab3_moduleAUITests.swift in Sources */,
			);
			runOnlyForDeploymentPostprocessing = 0;
		};
/* End PBXSourcesBuildPhase section */

/* Begin PBXTargetDependency section */
		C729EF3B2719AB880066B113 /* PBXTargetDependency */ = {
			isa = PBXTargetDependency;
			target = C729EF222719AB870066B113 /* Lab3_moduleA */;
			targetProxy = C729EF3A2719AB880066B113 /* PBXContainerItemProxy */;
		};
		C729EF452719AB880066B113 /* PBXTargetDependency */ = {
			isa = PBXTargetDependency;
			target = C729EF222719AB870066B113 /* Lab3_moduleA */;
			targetProxy = C729EF442719AB880066B113 /* PBXContainerItemProxy */;
		};
/* End PBXTargetDependency section */

/* Begin PBXVariantGroup section */
		C729EF2C2719AB870066B113 /* Main.storyboard */ = {
			isa = PBXVariantGroup;
			children = (
				C729EF2D2719AB870066B113 /* Base */,
			);
			name = Main.storyboard;
			sourceTree = "<group>";
		};
		C729EF312719AB880066B113 /* LaunchScreen.storyboard */ = {
			isa = PBXVariantGroup;
			children = (
				C729EF322719AB880066B113 /* Base */,
			);
			name = LaunchScreen.storyboard;
			sourceTree = "<group>";
		};
/* End PBXVariantGroup section */

/* Begin XCBuildConfiguration section */
		C729EF4B2719AB880066B113 /* Debug */ = {
			isa = XCBuildConfiguration;
			buildSettings = {
				ALWAYS_SEARCH_USER_PATHS = NO;
				CLANG_ANALYZER_NONNULL = YES;
				CLANG_ANALYZER_NUMBER_OBJECT_CONVERSION = YES_AGGRESSIVE;
				CLANG_CXX_LANGUAGE_STANDARD = "gnu++17";
				CLANG_CXX_LIBRARY = "libc++";
				CLANG_ENABLE_MODULES = YES;
				CLANG_ENABLE_OBJC_ARC = YES;
				CLANG_ENABLE_OBJC_WEAK = YES;
				CLANG_WARN_BLOCK_CAPTURE_AUTORELEASING = YES;
				CLANG_WARN_BOOL_CONVERSION = YES;
				CLANG_WARN_COMMA = YES;
				CLANG_WARN_CONSTANT_CONVERSION = YES;
				CLANG_WARN_DEPRECATED_OBJC_IMPLEMENTATIONS = YES;
				CLANG_WARN_DIRECT_OBJC_ISA_USAGE = YES_ERROR;
				CLANG_WARN_DOCUMENTATION_COMMENTS = YES;
				CLANG_WARN_EMPTY_BODY = YES;
				CLANG_WARN_ENUM_CONVERSION = YES;
				CLANG_WARN_INFINITE_RECURSION = YES;
				CLANG_WARN_INT_CONVERSION = YES;
				CLANG_WARN_NON_LITERAL_NULL_CONVERSION = YES;
				CLANG_WARN_OBJC_IMPLICIT_RETAIN_SELF = YES;
				CLANG_WARN_OBJC_LITERAL_CONVERSION = YES;
				CLANG_WARN_OBJC_ROOT_CLASS = YES_ERROR;
				CLANG_WARN_QUOTED_INCLUDE_IN_FRAMEWORK_HEADER = YES;
				CLANG_WARN_RANGE_LOOP_ANALYSIS = YES;
				CLANG_WARN_STRICT_PROTOTYPES = YES;
				CLANG_WARN_SUSPICIOUS_MOVE = YES;
				CLANG_WARN_UNGUARDED_AVAILABILITY = YES_AGGRESSIVE;
				CLANG_WARN_UNREACHABLE_CODE = YES;
				CLANG_WARN__DUPLICATE_METHOD_MATCH = YES;
				COPY_PHASE_STRIP = NO;
				DEBUG_INFORMATION_FORMAT = dwarf;
				ENABLE_STRICT_OBJC_MSGSEND = YES;
				ENABLE_TESTABILITY = YES;
				GCC_C_LANGUAGE_STANDARD = gnu11;
				GCC_DYNAMIC_NO_PIC = NO;
				GCC_NO_COMMON_BLOCKS = YES;
				GCC_OPTIMIZATION_LEVEL = 0;
				GCC_PREPROCESSOR_DEFINITIONS = (
					"DEBUG=1",
					"$(inherited)",
				);
				GCC_WARN_64_TO_32_BIT_CONVERSION = YES;
				GCC_WARN_ABOUT_RETURN_TYPE = YES_ERROR;
				GCC_WARN_UNDECLARED_SELECTOR = YES;
				GCC_WARN_UNINITIALIZED_AUTOS = YES_AGGRESSIVE;
				GCC_WARN_UNUSED_FUNCTION = YES;
				GCC_WARN_UNUSED_VARIABLE = YES;
				IPHONEOS_DEPLOYMENT_TARGET = 15.0;
				MTL_ENABLE_DEBUG_INFO = INCLUDE_SOURCE;
				MTL_FAST_MATH = YES;
				ONLY_ACTIVE_ARCH = YES;
				SDKROOT = iphoneos;
				SWIFT_ACTIVE_COMPILATION_CONDITIONS = DEBUG;
				SWIFT_OPTIMIZATION_LEVEL = "-Onone";
			};
			name = Debug;
		};
		C729EF4C2719AB880066B113 /* Release */ = {
			isa = XCBuildConfiguration;
			buildSettings = {
				ALWAYS_SEARCH_USER_PATHS = NO;
				CLANG_ANALYZER_NONNULL = YES;
				CLANG_ANALYZER_NUMBER_OBJECT_CONVERSION = YES_AGGRESSIVE;
				CLANG_CXX_LANGUAGE_STANDARD = "gnu++17";
				CLANG_CXX_LIBRARY = "libc++";
				CLANG_ENABLE_MODULES = YES;
				CLANG_ENABLE_OBJC_ARC = YES;
				CLANG_ENABLE_OBJC_WEAK = YES;
				CLANG_WARN_BLOCK_CAPTURE_AUTORELEASING = YES;
				CLANG_WARN_BOOL_CONVERSION = YES;
				CLANG_WARN_COMMA = YES;
				CLANG_WARN_CONSTANT_CONVERSION = YES;
				CLANG_WARN_DEPRECATED_OBJC_IMPLEMENTATIONS = YES;
				CLANG_WARN_DIRECT_OBJC_ISA_USAGE = YES_ERROR;
				CLANG_WARN_DOCUMENTATION_COMMENTS = YES;
				CLANG_WARN_EMPTY_BODY = YES;
				CLANG_WARN_ENUM_CONVERSION = YES;
				CLANG_WARN_INFINITE_RECURSION = YES;
				CLANG_WARN_INT_CONVERSION = YES;
				CLANG_WARN_NON_LITERAL_NULL_CONVERSION = YES;
				CLANG_WARN_OBJC_IMPLICIT_RETAIN_SELF = YES;
				CLANG_WARN_OBJC_LITERAL_CONVERSION = YES;
				CLANG_WARN_OBJC_ROOT_CLASS = YES_ERROR;
				CLANG_WARN_QUOTED_INCLUDE_IN_FRAMEWORK_HEADER = YES;
				CLANG_WARN_RANGE_LOOP_ANALYSIS = YES;
				CLANG_WARN_STRICT_PROTOTYPES = YES;
				CLANG_WARN_SUSPICIOUS_MOVE = YES;
				CLANG_WARN_UNGUARDED_AVAILABILITY = YES_AGGRESSIVE;
				CLANG_WARN_UNREACHABLE_CODE = YES;
				CLANG_WARN__DUPLICATE_METHOD_MATCH = YES;
				COPY_PHASE_STRIP = NO;
				DEBUG_INFORMATION_FORMAT = "dwarf-with-dsym";
				ENABLE_NS_ASSERTIONS = NO;
				ENABLE_STRICT_OBJC_MSGSEND = YES;
				GCC_C_LANGUAGE_STANDARD = gnu11;
				GCC_NO_COMMON_BLOCKS = YES;
				GCC_WARN_64_TO_32_BIT_CONVERSION = YES;
				GCC_WARN_ABOUT_RETURN_TYPE = YES_ERROR;
				GCC_WARN_UNDECLARED_SELECTOR = YES;
				GCC_WARN_UNINITIALIZED_AUTOS = YES_AGGRESSIVE;
				GCC_WARN_UNUSED_FUNCTION = YES;
				GCC_WARN_UNUSED_VARIABLE = YES;
				IPHONEOS_DEPLOYMENT_TARGET = 15.0;
				MTL_ENABLE_DEBUG_INFO = NO;
				MTL_FAST_MATH = YES;
				SDKROOT = iphoneos;
				SWIFT_COMPILATION_MODE = wholemodule;
				SWIFT_OPTIMIZATION_LEVEL = "-O";
				VALIDATE_PRODUCT = YES;
			};
			name = Release;
		};
		C729EF4E2719AB880066B113 /* Debug */ = {
			isa = XCBuildConfiguration;
			buildSettings = {
				ASSETCATALOG_COMPILER_APPICON_NAME = AppIcon;
				ASSETCATALOG_COMPILER_GLOBAL_ACCENT_COLOR_NAME = AccentColor;
				CODE_SIGN_STYLE = Automatic;
				CURRENT_PROJECT_VERSION = 1;
				DEVELOPMENT_TEAM = CRR9H3N4Y5;
				GENERATE_INFOPLIST_FILE = YES;
				INFOPLIST_FILE = Lab3_moduleA/Info.plist;
				INFOPLIST_KEY_UIApplicationSupportsIndirectInputEvents = YES;
				INFOPLIST_KEY_UILaunchStoryboardName = LaunchScreen;
				INFOPLIST_KEY_UIMainStoryboardFile = Main;
				INFOPLIST_KEY_UISupportedInterfaceOrientations_iPad = "UIInterfaceOrientationPortrait UIInterfaceOrientationPortraitUpsideDown UIInterfaceOrientationLandscapeLeft UIInterfaceOrientationLandscapeRight";
				INFOPLIST_KEY_UISupportedInterfaceOrientations_iPhone = "UIInterfaceOrientationPortrait UIInterfaceOrientationLandscapeLeft UIInterfaceOrientationLandscapeRight";
				LD_RUNPATH_SEARCH_PATHS = (
					"$(inherited)",
					"@executable_path/Frameworks",
				);
				MARKETING_VERSION = 1.0;
				PRODUCT_BUNDLE_IDENTIFIER = "emiao.Lab3-moduleA";
				PRODUCT_NAME = "$(TARGET_NAME)";
				SWIFT_EMIT_LOC_STRINGS = YES;
				SWIFT_VERSION = 5.0;
				TARGETED_DEVICE_FAMILY = "1,2";
			};
			name = Debug;
		};
		C729EF4F2719AB880066B113 /* Release */ = {
			isa = XCBuildConfiguration;
			buildSettings = {
				ASSETCATALOG_COMPILER_APPICON_NAME = AppIcon;
				ASSETCATALOG_COMPILER_GLOBAL_ACCENT_COLOR_NAME = AccentColor;
				CODE_SIGN_STYLE = Automatic;
				CURRENT_PROJECT_VERSION = 1;
				DEVELOPMENT_TEAM = CRR9H3N4Y5;
				GENERATE_INFOPLIST_FILE = YES;
				INFOPLIST_FILE = Lab3_moduleA/Info.plist;
				INFOPLIST_KEY_UIApplicationSupportsIndirectInputEvents = YES;
				INFOPLIST_KEY_UILaunchStoryboardName = LaunchScreen;
				INFOPLIST_KEY_UIMainStoryboardFile = Main;
				INFOPLIST_KEY_UISupportedInterfaceOrientations_iPad = "UIInterfaceOrientationPortrait UIInterfaceOrientationPortraitUpsideDown UIInterfaceOrientationLandscapeLeft UIInterfaceOrientationLandscapeRight";
				INFOPLIST_KEY_UISupportedInterfaceOrientations_iPhone = "UIInterfaceOrientationPortrait UIInterfaceOrientationLandscapeLeft UIInterfaceOrientationLandscapeRight";
				LD_RUNPATH_SEARCH_PATHS = (
					"$(inherited)",
					"@executable_path/Frameworks",
				);
				MARKETING_VERSION = 1.0;
				PRODUCT_BUNDLE_IDENTIFIER = "emiao.Lab3-moduleA";
				PRODUCT_NAME = "$(TARGET_NAME)";
				SWIFT_EMIT_LOC_STRINGS = YES;
				SWIFT_VERSION = 5.0;
				TARGETED_DEVICE_FAMILY = "1,2";
			};
			name = Release;
		};
		C729EF512719AB880066B113 /* Debug */ = {
			isa = XCBuildConfiguration;
			buildSettings = {
				ALWAYS_EMBED_SWIFT_STANDARD_LIBRARIES = YES;
				BUNDLE_LOADER = "$(TEST_HOST)";
				CODE_SIGN_STYLE = Automatic;
				CURRENT_PROJECT_VERSION = 1;
				DEVELOPMENT_TEAM = CRR9H3N4Y5;
				GENERATE_INFOPLIST_FILE = YES;
				IPHONEOS_DEPLOYMENT_TARGET = 15.0;
				LD_RUNPATH_SEARCH_PATHS = (
					"$(inherited)",
					"@executable_path/Frameworks",
					"@loader_path/Frameworks",
				);
				MARKETING_VERSION = 1.0;
				PRODUCT_BUNDLE_IDENTIFIER = "emiao.Lab3-moduleATests";
				PRODUCT_NAME = "$(TARGET_NAME)";
				SWIFT_EMIT_LOC_STRINGS = NO;
				SWIFT_VERSION = 5.0;
				TARGETED_DEVICE_FAMILY = "1,2";
				TEST_HOST = "$(BUILT_PRODUCTS_DIR)/Lab3_moduleA.app/Lab3_moduleA";
			};
			name = Debug;
		};
		C729EF522719AB880066B113 /* Release */ = {
			isa = XCBuildConfiguration;
			buildSettings = {
				ALWAYS_EMBED_SWIFT_STANDARD_LIBRARIES = YES;
				BUNDLE_LOADER = "$(TEST_HOST)";
				CODE_SIGN_STYLE = Automatic;
				CURRENT_PROJECT_VERSION = 1;
				DEVELOPMENT_TEAM = CRR9H3N4Y5;
				GENERATE_INFOPLIST_FILE = YES;
				IPHONEOS_DEPLOYMENT_TARGET = 15.0;
				LD_RUNPATH_SEARCH_PATHS = (
					"$(inherited)",
					"@executable_path/Frameworks",
					"@loader_path/Frameworks",
				);
				MARKETING_VERSION = 1.0;
				PRODUCT_BUNDLE_IDENTIFIER = "emiao.Lab3-moduleATests";
				PRODUCT_NAME = "$(TARGET_NAME)";
				SWIFT_EMIT_LOC_STRINGS = NO;
				SWIFT_VERSION = 5.0;
				TARGETED_DEVICE_FAMILY = "1,2";
				TEST_HOST = "$(BUILT_PRODUCTS_DIR)/Lab3_moduleA.app/Lab3_moduleA";
			};
			name = Release;
		};
		C729EF542719AB880066B113 /* Debug */ = {
			isa = XCBuildConfiguration;
			buildSettings = {
				ALWAYS_EMBED_SWIFT_STANDARD_LIBRARIES = YES;
				CODE_SIGN_STYLE = Automatic;
				CURRENT_PROJECT_VERSION = 1;
				DEVELOPMENT_TEAM = CRR9H3N4Y5;
				GENERATE_INFOPLIST_FILE = YES;
				LD_RUNPATH_SEARCH_PATHS = (
					"$(inherited)",
					"@executable_path/Frameworks",
					"@loader_path/Frameworks",
				);
				MARKETING_VERSION = 1.0;
				PRODUCT_BUNDLE_IDENTIFIER = "emiao.Lab3-moduleAUITests";
				PRODUCT_NAME = "$(TARGET_NAME)";
				SWIFT_EMIT_LOC_STRINGS = NO;
				SWIFT_VERSION = 5.0;
				TARGETED_DEVICE_FAMILY = "1,2";
				TEST_TARGET_NAME = Lab3_moduleA;
			};
			name = Debug;
		};
		C729EF552719AB880066B113 /* Release */ = {
			isa = XCBuildConfiguration;
			buildSettings = {
				ALWAYS_EMBED_SWIFT_STANDARD_LIBRARIES = YES;
				CODE_SIGN_STYLE = Automatic;
				CURRENT_PROJECT_VERSION = 1;
				DEVELOPMENT_TEAM = CRR9H3N4Y5;
				GENERATE_INFOPLIST_FILE = YES;
				LD_RUNPATH_SEARCH_PATHS = (
					"$(inherited)",
					"@executable_path/Frameworks",
					"@loader_path/Frameworks",
				);
				MARKETING_VERSION = 1.0;
				PRODUCT_BUNDLE_IDENTIFIER = "emiao.Lab3-moduleAUITests";
				PRODUCT_NAME = "$(TARGET_NAME)";
				SWIFT_EMIT_LOC_STRINGS = NO;
				SWIFT_VERSION = 5.0;
				TARGETED_DEVICE_FAMILY = "1,2";
				TEST_TARGET_NAME = Lab3_moduleA;
			};
			name = Release;
		};
/* End XCBuildConfiguration section */

/* Begin XCConfigurationList section */
		C729EF1E2719AB870066B113 /* Build configuration list for PBXProject "Lab3_moduleA" */ = {
			isa = XCConfigurationList;
			buildConfigurations = (
				C729EF4B2719AB880066B113 /* Debug */,
				C729EF4C2719AB880066B113 /* Release */,
			);
			defaultConfigurationIsVisible = 0;
			defaultConfigurationName = Release;
		};
		C729EF4D2719AB880066B113 /* Build configuration list for PBXNativeTarget "Lab3_moduleA" */ = {
			isa = XCConfigurationList;
			buildConfigurations = (
				C729EF4E2719AB880066B113 /* Debug */,
				C729EF4F2719AB880066B113 /* Release */,
			);
			defaultConfigurationIsVisible = 0;
			defaultConfigurationName = Release;
		};
		C729EF502719AB880066B113 /* Build configuration list for PBXNativeTarget "Lab3_moduleATests" */ = {
			isa = XCConfigurationList;
			buildConfigurations = (
				C729EF512719AB880066B113 /* Debug */,
				C729EF522719AB880066B113 /* Release */,
			);
			defaultConfigurationIsVisible = 0;
			defaultConfigurationName = Release;
		};
		C729EF532719AB880066B113 /* Build configuration list for PBXNativeTarget "Lab3_moduleAUITests" */ = {
			isa = XCConfigurationList;
			buildConfigurations = (
				C729EF542719AB880066B113 /* Debug */,
				C729EF552719AB880066B113 /* Release */,
			);
			defaultConfigurationIsVisible = 0;
			defaultConfigurationName = Release;
		};
/* End XCConfigurationList section */
	};
	rootObject = C729EF1B2719AB870066B113 /* Project object */;
}
